# THIS IS AN AUTOGENERATED FILE. DO NOT EDIT THIS FILE DIRECTLY.
# yarn lockfile v1
alfredo@0.2.x:
  version "0.2.0"
  resolved "https://registry.yarnpkg.com/alfredo/-/alfredo-0.2.0.tgz#32f19c8eccb422d5e76d601eff61071aab6e24dd"
  dependencies:
    fuzzy-filter "^0.0.3"
    js2xmlparser "^0.1.4"
    keychain "^0.0.4"
    plist "^1.0.1"

base64-js@0.0.8:
  version "0.0.8"
  resolved "https://registry.yarnpkg.com/base64-js/-/base64-js-0.0.8.tgz#1101e9544f4a76b1bc3b26d452ca96d7a35e7978"

fuzzy-filter@^0.0.3:
  version "0.0.3"
  resolved "https://registry.yarnpkg.com/fuzzy-filter/-/fuzzy-filter-0.0.3.tgz#11dfa351ffa5f64318961b478dcb22256b0fa869"

js2xmlparser@^0.1.4:
  version "0.1.9"
  resolved "https://registry.yarnpkg.com/js2xmlparser/-/js2xmlparser-0.1.9.tgz#2c516788e09460637f9a403dfed7b925f71d239e"

keychain@^0.0.4:
  version "0.0.4"
  resolved "https://registry.yarnpkg.com/keychain/-/keychain-0.0.4.tgz#d39372669160ecc345504aa68475bcd005f112a5"

lodash@^3.5.0:
  version "3.10.1"
  resolved "https://registry.yarnpkg.com/lodash/-/lodash-3.10.1.tgz#5bf45e8e49ba4189e17d482789dfd15bd140b7b6"

plist@^1.0.1:
  version "1.2.0"
  resolved "https://registry.yarnpkg.com/plist/-/plist-1.2.0.tgz#084b5093ddc92506e259f874b8d9b1afb8c79593"
  dependencies:
    base64-js "0.0.8"
    util-deprecate "1.0.2"
    xmlbuilder "4.0.0"
    xmldom "0.1.x"

util-deprecate@1.0.2:
  version "1.0.2"
  resolved "https://registry.yarnpkg.com/util-deprecate/-/util-deprecate-1.0.2.tgz#450d4dc9fa70de732762fbd2d4a28981419a0ccf"

xmlbuilder@4.0.0:
  version "4.0.0"
  resolved "https://registry.yarnpkg.com/xmlbuilder/-/xmlbuilder-4.0.0.tgz#98b8f651ca30aa624036f127d11cc66dc7b907a3"
  dependencies:
    lodash "^3.5.0"

xmldom@0.1.x:
  version "0.1.22"
  resolved "https://registry.yarnpkg.com/xmldom/-/xmldom-0.1.22.tgz#10de4e5e964981f03c8cc72fadc08d14b6c3aa26"

